
Microsoft Visual Studio Solution File, Format Version 12.00
# Visual Studio 15
VisualStudioVersion = 15.0.27130.2036
MinimumVisualStudioVersion = 10.0.40219.1
Project("{2150E333-8FDC-42A3-9474-1A3956D46DE8}") = "Src", "Src", "{5798B984-AC33-4230-BE0E-75FA738DB80E}"
EndProject
Project("{8BC9CEB8-8B4A-11D0-8D11-00A0C91BC942}") = "ClusterServer", "Src\ClusterServer\ClusterServer.vcxproj", "{278FE2AA-FEB2-416D-BF89-6E175B6FF110}"
	ProjectSection(ProjectDependencies) = postProject
		{CA98FF2F-75D0-43B3-92A7-586520E95346} = {CA98FF2F-75D0-43B3-92A7-586520E95346}
		{2F2251FA-D2E9-418C-BBD1-0C6EFE1AF3FE} = {2F2251FA-D2E9-418C-BBD1-0C6EFE1AF3FE}
	EndProjectSection
EndProject
Project("{2150E333-8FDC-42A3-9474-1A3956D46DE8}") = "Test", "Test", "{8F919D19-442A-4526-91F7-2AF0E91E60B4}"
EndProject
Project("{8BC9CEB8-8B4A-11D0-8D11-00A0C91BC942}") = "MediaServer", "Src\MediaServer\MediaServer.vcxproj", "{CA98FF2F-75D0-43B3-92A7-586520E95346}"
EndProject
Project("{8BC9CEB8-8B4A-11D0-8D11-00A0C91BC942}") = "ServerSdk", "Src\ServerSdk\ServerSdk.vcxproj", "{2F2251FA-D2E9-418C-BBD1-0C6EFE1AF3FE}"
	ProjectSection(ProjectDependencies) = postProject
		{B96C88A2-38A4-4310-B7B2-F507C60C28BD} = {B96C88A2-38A4-4310-B7B2-F507C60C28BD}
		{EEF031CB-FED8-451E-A471-91EC8D4F6750} = {EEF031CB-FED8-451E-A471-91EC8D4F6750}
	EndProjectSection
EndProject
Project("{2150E333-8FDC-42A3-9474-1A3956D46DE8}") = "Deps", "Deps", "{E51E1D81-17AE-46F8-B751-9C24F8E8ACB3}"
EndProject
Project("{8BC9CEB8-8B4A-11D0-8D11-00A0C91BC942}") = "TestVcpkg", "Test\TestVcpkg\TestVcpkg.vcxproj", "{99B0D96E-ADA6-4D42-8349-677208608497}"
EndProject
Project("{8BC9CEB8-8B4A-11D0-8D11-00A0C91BC942}") = "srtp2", "Deps\libsrtp\srtp\srtp2.vcxproj", "{EEF031CB-FED8-451E-A471-91EC8D4F6750}"
EndProject
Project("{8BC9CEB8-8B4A-11D0-8D11-00A0C91BC942}") = "netstring", "Deps\netstring\netstring.vcxproj", "{B96C88A2-38A4-4310-B7B2-F507C60C28BD}"
EndProject
Project("{8BC9CEB8-8B4A-11D0-8D11-00A0C91BC942}") = "TestUV", "Test\TestUV\TestUV.vcxproj", "{A4635C4C-366E-427D-A6D5-053B85A91F83}"
EndProject
Global
	GlobalSection(SolutionConfigurationPlatforms) = preSolution
		Debug|x64 = Debug|x64
		Debug|x86 = Debug|x86
		Release|x64 = Release|x64
		Release|x86 = Release|x86
	EndGlobalSection
	GlobalSection(ProjectConfigurationPlatforms) = postSolution
		{278FE2AA-FEB2-416D-BF89-6E175B6FF110}.Debug|x64.ActiveCfg = Debug|x64
		{278FE2AA-FEB2-416D-BF89-6E175B6FF110}.Debug|x64.Build.0 = Debug|x64
		{278FE2AA-FEB2-416D-BF89-6E175B6FF110}.Debug|x86.ActiveCfg = Debug|Win32
		{278FE2AA-FEB2-416D-BF89-6E175B6FF110}.Debug|x86.Build.0 = Debug|Win32
		{278FE2AA-FEB2-416D-BF89-6E175B6FF110}.Release|x64.ActiveCfg = Release|x64
		{278FE2AA-FEB2-416D-BF89-6E175B6FF110}.Release|x64.Build.0 = Release|x64
		{278FE2AA-FEB2-416D-BF89-6E175B6FF110}.Release|x86.ActiveCfg = Release|Win32
		{278FE2AA-FEB2-416D-BF89-6E175B6FF110}.Release|x86.Build.0 = Release|Win32
		{CA98FF2F-75D0-43B3-92A7-586520E95346}.Debug|x64.ActiveCfg = Debug|x64
		{CA98FF2F-75D0-43B3-92A7-586520E95346}.Debug|x64.Build.0 = Debug|x64
		{CA98FF2F-75D0-43B3-92A7-586520E95346}.Debug|x86.ActiveCfg = Debug|Win32
		{CA98FF2F-75D0-43B3-92A7-586520E95346}.Debug|x86.Build.0 = Debug|Win32
		{CA98FF2F-75D0-43B3-92A7-586520E95346}.Release|x64.ActiveCfg = Release|x64
		{CA98FF2F-75D0-43B3-92A7-586520E95346}.Release|x64.Build.0 = Release|x64
		{CA98FF2F-75D0-43B3-92A7-586520E95346}.Release|x86.ActiveCfg = Release|Win32
		{CA98FF2F-75D0-43B3-92A7-586520E95346}.Release|x86.Build.0 = Release|Win32
		{2F2251FA-D2E9-418C-BBD1-0C6EFE1AF3FE}.Debug|x64.ActiveCfg = Debug|x64
		{2F2251FA-D2E9-418C-BBD1-0C6EFE1AF3FE}.Debug|x64.Build.0 = Debug|x64
		{2F2251FA-D2E9-418C-BBD1-0C6EFE1AF3FE}.Debug|x86.ActiveCfg = Debug|Win32
		{2F2251FA-D2E9-418C-BBD1-0C6EFE1AF3FE}.Debug|x86.Build.0 = Debug|Win32
		{2F2251FA-D2E9-418C-BBD1-0C6EFE1AF3FE}.Release|x64.ActiveCfg = Release|x64
		{2F2251FA-D2E9-418C-BBD1-0C6EFE1AF3FE}.Release|x64.Build.0 = Release|x64
		{2F2251FA-D2E9-418C-BBD1-0C6EFE1AF3FE}.Release|x86.ActiveCfg = Release|Win32
		{2F2251FA-D2E9-418C-BBD1-0C6EFE1AF3FE}.Release|x86.Build.0 = Release|Win32
		{99B0D96E-ADA6-4D42-8349-677208608497}.Debug|x64.ActiveCfg = Debug|x64
		{99B0D96E-ADA6-4D42-8349-677208608497}.Debug|x64.Build.0 = Debug|x64
		{99B0D96E-ADA6-4D42-8349-677208608497}.Debug|x86.ActiveCfg = Debug|Win32
		{99B0D96E-ADA6-4D42-8349-677208608497}.Debug|x86.Build.0 = Debug|Win32
		{99B0D96E-ADA6-4D42-8349-677208608497}.Release|x64.ActiveCfg = Release|x64
		{99B0D96E-ADA6-4D42-8349-677208608497}.Release|x64.Build.0 = Release|x64
		{99B0D96E-ADA6-4D42-8349-677208608497}.Release|x86.ActiveCfg = Release|Win32
		{99B0D96E-ADA6-4D42-8349-677208608497}.Release|x86.Build.0 = Release|Win32
		{EEF031CB-FED8-451E-A471-91EC8D4F6750}.Debug|x64.ActiveCfg = Debug|x64
		{EEF031CB-FED8-451E-A471-91EC8D4F6750}.Debug|x64.Build.0 = Debug|x64
		{EEF031CB-FED8-451E-A471-91EC8D4F6750}.Debug|x86.ActiveCfg = Debug|Win32
		{EEF031CB-FED8-451E-A471-91EC8D4F6750}.Debug|x86.Build.0 = Debug|Win32
		{EEF031CB-FED8-451E-A471-91EC8D4F6750}.Release|x64.ActiveCfg = Release|x64
		{EEF031CB-FED8-451E-A471-91EC8D4F6750}.Release|x64.Build.0 = Release|x64
		{EEF031CB-FED8-451E-A471-91EC8D4F6750}.Release|x86.ActiveCfg = Release|Win32
		{EEF031CB-FED8-451E-A471-91EC8D4F6750}.Release|x86.Build.0 = Release|Win32
		{B96C88A2-38A4-4310-B7B2-F507C60C28BD}.Debug|x64.ActiveCfg = Debug|x64
		{B96C88A2-38A4-4310-B7B2-F507C60C28BD}.Debug|x64.Build.0 = Debug|x64
		{B96C88A2-38A4-4310-B7B2-F507C60C28BD}.Debug|x86.ActiveCfg = Debug|Win32
		{B96C88A2-38A4-4310-B7B2-F507C60C28BD}.Debug|x86.Build.0 = Debug|Win32
		{B96C88A2-38A4-4310-B7B2-F507C60C28BD}.Release|x64.ActiveCfg = Release|x64
		{B96C88A2-38A4-4310-B7B2-F507C60C28BD}.Release|x64.Build.0 = Release|x64
		{B96C88A2-38A4-4310-B7B2-F507C60C28BD}.Release|x86.ActiveCfg = Release|Win32
		{B96C88A2-38A4-4310-B7B2-F507C60C28BD}.Release|x86.Build.0 = Release|Win32
		{A4635C4C-366E-427D-A6D5-053B85A91F83}.Debug|x64.ActiveCfg = Debug|x64
		{A4635C4C-366E-427D-A6D5-053B85A91F83}.Debug|x64.Build.0 = Debug|x64
		{A4635C4C-366E-427D-A6D5-053B85A91F83}.Debug|x86.ActiveCfg = Debug|Win32
		{A4635C4C-366E-427D-A6D5-053B85A91F83}.Debug|x86.Build.0 = Debug|Win32
		{A4635C4C-366E-427D-A6D5-053B85A91F83}.Release|x64.ActiveCfg = Release|x64
		{A4635C4C-366E-427D-A6D5-053B85A91F83}.Release|x64.Build.0 = Release|x64
		{A4635C4C-366E-427D-A6D5-053B85A91F83}.Release|x86.ActiveCfg = Release|Win32
		{A4635C4C-366E-427D-A6D5-053B85A91F83}.Release|x86.Build.0 = Release|Win32
	EndGlobalSection
	GlobalSection(SolutionProperties) = preSolution
		HideSolutionNode = FALSE
	EndGlobalSection
	GlobalSection(NestedProjects) = preSolution
		{278FE2AA-FEB2-416D-BF89-6E175B6FF110} = {5798B984-AC33-4230-BE0E-75FA738DB80E}
		{CA98FF2F-75D0-43B3-92A7-586520E95346} = {5798B984-AC33-4230-BE0E-75FA738DB80E}
		{2F2251FA-D2E9-418C-BBD1-0C6EFE1AF3FE} = {5798B984-AC33-4230-BE0E-75FA738DB80E}
		{99B0D96E-ADA6-4D42-8349-677208608497} = {8F919D19-442A-4526-91F7-2AF0E91E60B4}
		{EEF031CB-FED8-451E-A471-91EC8D4F6750} = {E51E1D81-17AE-46F8-B751-9C24F8E8ACB3}
		{B96C88A2-38A4-4310-B7B2-F507C60C28BD} = {E51E1D81-17AE-46F8-B751-9C24F8E8ACB3}
		{A4635C4C-366E-427D-A6D5-053B85A91F83} = {8F919D19-442A-4526-91F7-2AF0E91E60B4}
	EndGlobalSection
	GlobalSection(ExtensibilityGlobals) = postSolution
		SolutionGuid = {417EF106-5E0B-499C-AF76-A81F9E3C9B46}
	EndGlobalSection
EndGlobal
