<?xml version="1.0" encoding="utf-8"?>
<Project ToolsVersion="4.0" xmlns="http://schemas.microsoft.com/developer/msbuild/2003">
  <ItemGroup>
    <Filter Include="Channel">
      <UniqueIdentifier>{a566c312-6b54-4621-a0e3-b95266d710b8}</UniqueIdentifier>
    </Filter>
    <Filter Include="handles">
      <UniqueIdentifier>{71c9540f-38f2-4e25-a1c4-47d53f29d79d}</UniqueIdentifier>
    </Filter>
    <Filter Include="RTC">
      <UniqueIdentifier>{88470ad9-8946-4be5-882a-73757fe1f404}</UniqueIdentifier>
    </Filter>
    <Filter Include="RTC\RTCP">
      <UniqueIdentifier>{5651f393-0122-4d94-ba62-9e3536c2b5e7}</UniqueIdentifier>
    </Filter>
    <Filter Include="RTC\RtpDictionaries">
      <UniqueIdentifier>{61363a9a-4b6e-4f5a-8728-ec606d5566b4}</UniqueIdentifier>
    </Filter>
    <Filter Include="RTC\RemoteBitrateEstimator">
      <UniqueIdentifier>{3439a4d5-3158-4460-8a58-7803660797c1}</UniqueIdentifier>
    </Filter>
    <Filter Include="Utils">
      <UniqueIdentifier>{325ff242-09ab-49a0-8e34-f4764d65ba52}</UniqueIdentifier>
    </Filter>
    <Filter Include="RTC\Codecs">
      <UniqueIdentifier>{04ca6355-fdab-480c-9eda-18cec718d730}</UniqueIdentifier>
    </Filter>
  </ItemGroup>
  <ItemGroup>
    <ClInclude Include="common.hpp" />
    <ClInclude Include="DepLibSRTP.hpp" />
    <ClInclude Include="DepLibUV.hpp" />
    <ClInclude Include="DepOpenSSL.hpp" />
    <ClInclude Include="Logger.hpp" />
    <ClInclude Include="LogLevel.hpp" />
    <ClInclude Include="MediaSoupError.hpp" />
    <ClInclude Include="Settings.hpp" />
    <ClInclude Include="Utils.hpp" />
    <ClInclude Include="Worker.hpp" />
    <ClInclude Include="Channel\Notifier.hpp">
      <Filter>Channel</Filter>
    </ClInclude>
    <ClInclude Include="Channel\Request.hpp">
      <Filter>Channel</Filter>
    </ClInclude>
    <ClInclude Include="Channel\UnixStreamSocket.hpp">
      <Filter>Channel</Filter>
    </ClInclude>
    <ClInclude Include="handles\SignalsHandler.hpp">
      <Filter>handles</Filter>
    </ClInclude>
    <ClInclude Include="handles\TcpConnection.hpp">
      <Filter>handles</Filter>
    </ClInclude>
    <ClInclude Include="handles\TcpServer.hpp">
      <Filter>handles</Filter>
    </ClInclude>
    <ClInclude Include="handles\Timer.hpp">
      <Filter>handles</Filter>
    </ClInclude>
    <ClInclude Include="handles\UdpSocket.hpp">
      <Filter>handles</Filter>
    </ClInclude>
    <ClInclude Include="handles\UnixStreamSocket.hpp">
      <Filter>handles</Filter>
    </ClInclude>
    <ClInclude Include="RTC\Consumer.hpp">
      <Filter>RTC</Filter>
    </ClInclude>
    <ClInclude Include="RTC\ConsumerListener.hpp">
      <Filter>RTC</Filter>
    </ClInclude>
    <ClInclude Include="RTC\DtlsTransport.hpp">
      <Filter>RTC</Filter>
    </ClInclude>
    <ClInclude Include="RTC\IceCandidate.hpp">
      <Filter>RTC</Filter>
    </ClInclude>
    <ClInclude Include="RTC\IceServer.hpp">
      <Filter>RTC</Filter>
    </ClInclude>
    <ClInclude Include="RTC\NackGenerator.hpp">
      <Filter>RTC</Filter>
    </ClInclude>
    <ClInclude Include="RTC\Parameters.hpp">
      <Filter>RTC</Filter>
    </ClInclude>
    <ClInclude Include="RTC\PlainRtpTransport.hpp">
      <Filter>RTC</Filter>
    </ClInclude>
    <ClInclude Include="RTC\Producer.hpp">
      <Filter>RTC</Filter>
    </ClInclude>
    <ClInclude Include="RTC\ProducerListener.hpp">
      <Filter>RTC</Filter>
    </ClInclude>
    <ClInclude Include="RTC\Router.hpp">
      <Filter>RTC</Filter>
    </ClInclude>
    <ClInclude Include="RTC\RtpDataCounter.hpp">
      <Filter>RTC</Filter>
    </ClInclude>
    <ClInclude Include="RTC\RtpDictionaries.hpp">
      <Filter>RTC</Filter>
    </ClInclude>
    <ClInclude Include="RTC\RtpListener.hpp">
      <Filter>RTC</Filter>
    </ClInclude>
    <ClInclude Include="RTC\RtpMonitor.hpp">
      <Filter>RTC</Filter>
    </ClInclude>
    <ClInclude Include="RTC\RtpPacket.hpp">
      <Filter>RTC</Filter>
    </ClInclude>
    <ClInclude Include="RTC\RtpStream.hpp">
      <Filter>RTC</Filter>
    </ClInclude>
    <ClInclude Include="RTC\RtpStreamRecv.hpp">
      <Filter>RTC</Filter>
    </ClInclude>
    <ClInclude Include="RTC\RtpStreamSend.hpp">
      <Filter>RTC</Filter>
    </ClInclude>
    <ClInclude Include="RTC\SeqManager.hpp">
      <Filter>RTC</Filter>
    </ClInclude>
    <ClInclude Include="RTC\SrtpSession.hpp">
      <Filter>RTC</Filter>
    </ClInclude>
    <ClInclude Include="RTC\StunMessage.hpp">
      <Filter>RTC</Filter>
    </ClInclude>
    <ClInclude Include="RTC\TcpConnection.hpp">
      <Filter>RTC</Filter>
    </ClInclude>
    <ClInclude Include="RTC\TcpServer.hpp">
      <Filter>RTC</Filter>
    </ClInclude>
    <ClInclude Include="RTC\Transport.hpp">
      <Filter>RTC</Filter>
    </ClInclude>
    <ClInclude Include="RTC\TransportTuple.hpp">
      <Filter>RTC</Filter>
    </ClInclude>
    <ClInclude Include="RTC\UdpSocket.hpp">
      <Filter>RTC</Filter>
    </ClInclude>
    <ClInclude Include="RTC\WebRtcTransport.hpp">
      <Filter>RTC</Filter>
    </ClInclude>
    <ClInclude Include="RTC\Codecs\Codecs.hpp">
      <Filter>RTC\Codecs</Filter>
    </ClInclude>
    <ClInclude Include="RTC\Codecs\PayloadDescriptorHandler.hpp">
      <Filter>RTC\Codecs</Filter>
    </ClInclude>
    <ClInclude Include="RTC\Codecs\VP8.hpp">
      <Filter>RTC\Codecs</Filter>
    </ClInclude>
    <ClInclude Include="RTC\RemoteBitrateEstimator\AimdRateControl.hpp">
      <Filter>RTC\RemoteBitrateEstimator</Filter>
    </ClInclude>
    <ClInclude Include="RTC\RemoteBitrateEstimator\BandwidthUsage.hpp">
      <Filter>RTC\RemoteBitrateEstimator</Filter>
    </ClInclude>
    <ClInclude Include="RTC\RemoteBitrateEstimator\InterArrival.hpp">
      <Filter>RTC\RemoteBitrateEstimator</Filter>
    </ClInclude>
    <ClInclude Include="RTC\RemoteBitrateEstimator\OveruseDetector.hpp">
      <Filter>RTC\RemoteBitrateEstimator</Filter>
    </ClInclude>
    <ClInclude Include="RTC\RemoteBitrateEstimator\OveruseEstimator.hpp">
      <Filter>RTC\RemoteBitrateEstimator</Filter>
    </ClInclude>
    <ClInclude Include="RTC\RemoteBitrateEstimator\RateControlInput.hpp">
      <Filter>RTC\RemoteBitrateEstimator</Filter>
    </ClInclude>
    <ClInclude Include="RTC\RemoteBitrateEstimator\RateControlRegion.hpp">
      <Filter>RTC\RemoteBitrateEstimator</Filter>
    </ClInclude>
    <ClInclude Include="RTC\RemoteBitrateEstimator\RemoteBitrateEstimator.hpp">
      <Filter>RTC\RemoteBitrateEstimator</Filter>
    </ClInclude>
    <ClInclude Include="RTC\RemoteBitrateEstimator\RemoteBitrateEstimatorAbsSendTime.hpp">
      <Filter>RTC\RemoteBitrateEstimator</Filter>
    </ClInclude>
    <ClInclude Include="RTC\RemoteBitrateEstimator\RemoteBitrateEstimatorSingleStream.hpp">
      <Filter>RTC\RemoteBitrateEstimator</Filter>
    </ClInclude>
    <ClInclude Include="RTC\RTCP\Bye.hpp">
      <Filter>RTC\RTCP</Filter>
    </ClInclude>
    <ClInclude Include="RTC\RTCP\CompoundPacket.hpp">
      <Filter>RTC\RTCP</Filter>
    </ClInclude>
    <ClInclude Include="RTC\RTCP\Feedback.hpp">
      <Filter>RTC\RTCP</Filter>
    </ClInclude>
    <ClInclude Include="RTC\RTCP\FeedbackItem.hpp">
      <Filter>RTC\RTCP</Filter>
    </ClInclude>
    <ClInclude Include="RTC\RTCP\FeedbackPs.hpp">
      <Filter>RTC\RTCP</Filter>
    </ClInclude>
    <ClInclude Include="RTC\RTCP\FeedbackPsAfb.hpp">
      <Filter>RTC\RTCP</Filter>
    </ClInclude>
    <ClInclude Include="RTC\RTCP\FeedbackPsFir.hpp">
      <Filter>RTC\RTCP</Filter>
    </ClInclude>
    <ClInclude Include="RTC\RTCP\FeedbackPsLei.hpp">
      <Filter>RTC\RTCP</Filter>
    </ClInclude>
    <ClInclude Include="RTC\RTCP\FeedbackPsPli.hpp">
      <Filter>RTC\RTCP</Filter>
    </ClInclude>
    <ClInclude Include="RTC\RTCP\FeedbackPsRemb.hpp">
      <Filter>RTC\RTCP</Filter>
    </ClInclude>
    <ClInclude Include="RTC\RTCP\FeedbackPsRpsi.hpp">
      <Filter>RTC\RTCP</Filter>
    </ClInclude>
    <ClInclude Include="RTC\RTCP\FeedbackPsSli.hpp">
      <Filter>RTC\RTCP</Filter>
    </ClInclude>
    <ClInclude Include="RTC\RTCP\FeedbackPsTst.hpp">
      <Filter>RTC\RTCP</Filter>
    </ClInclude>
    <ClInclude Include="RTC\RTCP\FeedbackPsVbcm.hpp">
      <Filter>RTC\RTCP</Filter>
    </ClInclude>
    <ClInclude Include="RTC\RTCP\FeedbackRtp.hpp">
      <Filter>RTC\RTCP</Filter>
    </ClInclude>
    <ClInclude Include="RTC\RTCP\FeedbackRtpEcn.hpp">
      <Filter>RTC\RTCP</Filter>
    </ClInclude>
    <ClInclude Include="RTC\RTCP\FeedbackRtpNack.hpp">
      <Filter>RTC\RTCP</Filter>
    </ClInclude>
    <ClInclude Include="RTC\RTCP\FeedbackRtpSrReq.hpp">
      <Filter>RTC\RTCP</Filter>
    </ClInclude>
    <ClInclude Include="RTC\RTCP\FeedbackRtpTllei.hpp">
      <Filter>RTC\RTCP</Filter>
    </ClInclude>
    <ClInclude Include="RTC\RTCP\FeedbackRtpTmmb.hpp">
      <Filter>RTC\RTCP</Filter>
    </ClInclude>
    <ClInclude Include="RTC\RTCP\Packet.hpp">
      <Filter>RTC\RTCP</Filter>
    </ClInclude>
    <ClInclude Include="RTC\RTCP\ReceiverReport.hpp">
      <Filter>RTC\RTCP</Filter>
    </ClInclude>
    <ClInclude Include="RTC\RTCP\Sdes.hpp">
      <Filter>RTC\RTCP</Filter>
    </ClInclude>
    <ClInclude Include="RTC\RTCP\SenderReport.hpp">
      <Filter>RTC\RTCP</Filter>
    </ClInclude>
    <ClInclude Include="RTC\Codecs\H264.hpp">
      <Filter>RTC\Codecs</Filter>
    </ClInclude>
  </ItemGroup>
  <ItemGroup>
    <ClCompile Include="DepLibSRTP.cpp" />
    <ClCompile Include="DepLibUV.cpp" />
    <ClCompile Include="DepOpenSSL.cpp" />
    <ClCompile Include="Logger.cpp" />
    <ClCompile Include="main.cpp" />
    <ClCompile Include="Settings.cpp" />
    <ClCompile Include="Worker.cpp" />
    <ClCompile Include="Channel\Notifier.cpp">
      <Filter>Channel</Filter>
    </ClCompile>
    <ClCompile Include="Channel\Request.cpp">
      <Filter>Channel</Filter>
    </ClCompile>
    <ClCompile Include="Channel\UnixStreamSocket.cpp">
      <Filter>Channel</Filter>
    </ClCompile>
    <ClCompile Include="handles\SignalsHandler.cpp">
      <Filter>handles</Filter>
    </ClCompile>
    <ClCompile Include="handles\TcpConnection.cpp">
      <Filter>handles</Filter>
    </ClCompile>
    <ClCompile Include="handles\TcpServer.cpp">
      <Filter>handles</Filter>
    </ClCompile>
    <ClCompile Include="handles\Timer.cpp">
      <Filter>handles</Filter>
    </ClCompile>
    <ClCompile Include="handles\UdpSocket.cpp">
      <Filter>handles</Filter>
    </ClCompile>
    <ClCompile Include="handles\UnixStreamSocket.cpp">
      <Filter>handles</Filter>
    </ClCompile>
    <ClCompile Include="RTC\Consumer.cpp">
      <Filter>RTC</Filter>
    </ClCompile>
    <ClCompile Include="RTC\DtlsTransport.cpp">
      <Filter>RTC</Filter>
    </ClCompile>
    <ClCompile Include="RTC\IceCandidate.cpp">
      <Filter>RTC</Filter>
    </ClCompile>
    <ClCompile Include="RTC\IceServer.cpp">
      <Filter>RTC</Filter>
    </ClCompile>
    <ClCompile Include="RTC\NackGenerator.cpp">
      <Filter>RTC</Filter>
    </ClCompile>
    <ClCompile Include="RTC\PlainRtpTransport.cpp">
      <Filter>RTC</Filter>
    </ClCompile>
    <ClCompile Include="RTC\Producer.cpp">
      <Filter>RTC</Filter>
    </ClCompile>
    <ClCompile Include="RTC\Router.cpp">
      <Filter>RTC</Filter>
    </ClCompile>
    <ClCompile Include="RTC\RtpDataCounter.cpp">
      <Filter>RTC</Filter>
    </ClCompile>
    <ClCompile Include="RTC\RtpListener.cpp">
      <Filter>RTC</Filter>
    </ClCompile>
    <ClCompile Include="RTC\RtpMonitor.cpp">
      <Filter>RTC</Filter>
    </ClCompile>
    <ClCompile Include="RTC\RtpPacket.cpp">
      <Filter>RTC</Filter>
    </ClCompile>
    <ClCompile Include="RTC\RtpStream.cpp">
      <Filter>RTC</Filter>
    </ClCompile>
    <ClCompile Include="RTC\RtpStreamRecv.cpp">
      <Filter>RTC</Filter>
    </ClCompile>
    <ClCompile Include="RTC\RtpStreamSend.cpp">
      <Filter>RTC</Filter>
    </ClCompile>
    <ClCompile Include="RTC\SeqManager.cpp">
      <Filter>RTC</Filter>
    </ClCompile>
    <ClCompile Include="RTC\SrtpSession.cpp">
      <Filter>RTC</Filter>
    </ClCompile>
    <ClCompile Include="RTC\StunMessage.cpp">
      <Filter>RTC</Filter>
    </ClCompile>
    <ClCompile Include="RTC\TcpConnection.cpp">
      <Filter>RTC</Filter>
    </ClCompile>
    <ClCompile Include="RTC\TcpServer.cpp">
      <Filter>RTC</Filter>
    </ClCompile>
    <ClCompile Include="RTC\Transport.cpp">
      <Filter>RTC</Filter>
    </ClCompile>
    <ClCompile Include="RTC\TransportTuple.cpp">
      <Filter>RTC</Filter>
    </ClCompile>
    <ClCompile Include="RTC\UdpSocket.cpp">
      <Filter>RTC</Filter>
    </ClCompile>
    <ClCompile Include="RTC\WebRtcTransport.cpp">
      <Filter>RTC</Filter>
    </ClCompile>
    <ClCompile Include="RTC\Codecs\Codecs.cpp">
      <Filter>RTC\Codecs</Filter>
    </ClCompile>
    <ClCompile Include="RTC\Codecs\VP8.cpp">
      <Filter>RTC\Codecs</Filter>
    </ClCompile>
    <ClCompile Include="RTC\RemoteBitrateEstimator\AimdRateControl.cpp">
      <Filter>RTC\RemoteBitrateEstimator</Filter>
    </ClCompile>
    <ClCompile Include="RTC\RemoteBitrateEstimator\InterArrival.cpp">
      <Filter>RTC\RemoteBitrateEstimator</Filter>
    </ClCompile>
    <ClCompile Include="RTC\RemoteBitrateEstimator\OveruseDetector.cpp">
      <Filter>RTC\RemoteBitrateEstimator</Filter>
    </ClCompile>
    <ClCompile Include="RTC\RemoteBitrateEstimator\OveruseEstimator.cpp">
      <Filter>RTC\RemoteBitrateEstimator</Filter>
    </ClCompile>
    <ClCompile Include="RTC\RemoteBitrateEstimator\RemoteBitrateEstimatorAbsSendTime.cpp">
      <Filter>RTC\RemoteBitrateEstimator</Filter>
    </ClCompile>
    <ClCompile Include="RTC\RemoteBitrateEstimator\RemoteBitrateEstimatorSingleStream.cpp">
      <Filter>RTC\RemoteBitrateEstimator</Filter>
    </ClCompile>
    <ClCompile Include="RTC\RTCP\Bye.cpp">
      <Filter>RTC\RTCP</Filter>
    </ClCompile>
    <ClCompile Include="RTC\RTCP\CompoundPacket.cpp">
      <Filter>RTC\RTCP</Filter>
    </ClCompile>
    <ClCompile Include="RTC\RTCP\Feedback.cpp">
      <Filter>RTC\RTCP</Filter>
    </ClCompile>
    <ClCompile Include="RTC\RTCP\FeedbackPs.cpp">
      <Filter>RTC\RTCP</Filter>
    </ClCompile>
    <ClCompile Include="RTC\RTCP\FeedbackPsAfb.cpp">
      <Filter>RTC\RTCP</Filter>
    </ClCompile>
    <ClCompile Include="RTC\RTCP\FeedbackPsFir.cpp">
      <Filter>RTC\RTCP</Filter>
    </ClCompile>
    <ClCompile Include="RTC\RTCP\FeedbackPsLei.cpp">
      <Filter>RTC\RTCP</Filter>
    </ClCompile>
    <ClCompile Include="RTC\RTCP\FeedbackPsPli.cpp">
      <Filter>RTC\RTCP</Filter>
    </ClCompile>
    <ClCompile Include="RTC\RTCP\FeedbackPsRemb.cpp">
      <Filter>RTC\RTCP</Filter>
    </ClCompile>
    <ClCompile Include="RTC\RTCP\FeedbackPsRpsi.cpp">
      <Filter>RTC\RTCP</Filter>
    </ClCompile>
    <ClCompile Include="RTC\RTCP\FeedbackPsSli.cpp">
      <Filter>RTC\RTCP</Filter>
    </ClCompile>
    <ClCompile Include="RTC\RTCP\FeedbackPsTst.cpp">
      <Filter>RTC\RTCP</Filter>
    </ClCompile>
    <ClCompile Include="RTC\RTCP\FeedbackPsVbcm.cpp">
      <Filter>RTC\RTCP</Filter>
    </ClCompile>
    <ClCompile Include="RTC\RTCP\FeedbackRtp.cpp">
      <Filter>RTC\RTCP</Filter>
    </ClCompile>
    <ClCompile Include="RTC\RTCP\FeedbackRtpEcn.cpp">
      <Filter>RTC\RTCP</Filter>
    </ClCompile>
    <ClCompile Include="RTC\RTCP\FeedbackRtpNack.cpp">
      <Filter>RTC\RTCP</Filter>
    </ClCompile>
    <ClCompile Include="RTC\RTCP\FeedbackRtpSrReq.cpp">
      <Filter>RTC\RTCP</Filter>
    </ClCompile>
    <ClCompile Include="RTC\RTCP\FeedbackRtpTllei.cpp">
      <Filter>RTC\RTCP</Filter>
    </ClCompile>
    <ClCompile Include="RTC\RTCP\FeedbackRtpTmmb.cpp">
      <Filter>RTC\RTCP</Filter>
    </ClCompile>
    <ClCompile Include="RTC\RTCP\Packet.cpp">
      <Filter>RTC\RTCP</Filter>
    </ClCompile>
    <ClCompile Include="RTC\RTCP\ReceiverReport.cpp">
      <Filter>RTC\RTCP</Filter>
    </ClCompile>
    <ClCompile Include="RTC\RTCP\Sdes.cpp">
      <Filter>RTC\RTCP</Filter>
    </ClCompile>
    <ClCompile Include="RTC\RTCP\SenderReport.cpp">
      <Filter>RTC\RTCP</Filter>
    </ClCompile>
    <ClCompile Include="RTC\RtpDictionaries\Media.cpp">
      <Filter>RTC\RtpDictionaries</Filter>
    </ClCompile>
    <ClCompile Include="RTC\RtpDictionaries\Parameters.cpp">
      <Filter>RTC\RtpDictionaries</Filter>
    </ClCompile>
    <ClCompile Include="RTC\RtpDictionaries\RtcpFeedback.cpp">
      <Filter>RTC\RtpDictionaries</Filter>
    </ClCompile>
    <ClCompile Include="RTC\RtpDictionaries\RtcpParameters.cpp">
      <Filter>RTC\RtpDictionaries</Filter>
    </ClCompile>
    <ClCompile Include="RTC\RtpDictionaries\RtpCodecMimeType.cpp">
      <Filter>RTC\RtpDictionaries</Filter>
    </ClCompile>
    <ClCompile Include="RTC\RtpDictionaries\RtpCodecParameters.cpp">
      <Filter>RTC\RtpDictionaries</Filter>
    </ClCompile>
    <ClCompile Include="RTC\RtpDictionaries\RtpEncodingParameters.cpp">
      <Filter>RTC\RtpDictionaries</Filter>
    </ClCompile>
    <ClCompile Include="RTC\RtpDictionaries\RtpFecParameters.cpp">
      <Filter>RTC\RtpDictionaries</Filter>
    </ClCompile>
    <ClCompile Include="RTC\RtpDictionaries\RtpHeaderExtensionParameters.cpp">
      <Filter>RTC\RtpDictionaries</Filter>
    </ClCompile>
    <ClCompile Include="RTC\RtpDictionaries\RtpHeaderExtensionUri.cpp">
      <Filter>RTC\RtpDictionaries</Filter>
    </ClCompile>
    <ClCompile Include="RTC\RtpDictionaries\RtpParameters.cpp">
      <Filter>RTC\RtpDictionaries</Filter>
    </ClCompile>
    <ClCompile Include="RTC\RtpDictionaries\RtpRtxParameters.cpp">
      <Filter>RTC\RtpDictionaries</Filter>
    </ClCompile>
    <ClCompile Include="Utils\Crypto.cpp">
      <Filter>Utils</Filter>
    </ClCompile>
    <ClCompile Include="Utils\File.cpp">
      <Filter>Utils</Filter>
    </ClCompile>
    <ClCompile Include="Utils\IP.cpp">
      <Filter>Utils</Filter>
    </ClCompile>
    <ClCompile Include="RTC\Codecs\H264.cpp">
      <Filter>RTC\Codecs</Filter>
    </ClCompile>
  </ItemGroup>
  <ItemGroup>
    <None Include="Utils\grammar.rl">
      <Filter>Utils</Filter>
    </None>
    <None Include="Utils\IP.rl">
      <Filter>Utils</Filter>
    </None>
  </ItemGroup>
</Project>