<?xml version="1.0" encoding="utf-8"?>
<Project ToolsVersion="4.0" xmlns="http://schemas.microsoft.com/developer/msbuild/2003">
  <ItemGroup>
    <ClCompile Include="handles\SignalsHandler.cpp">
      <Filter>handles</Filter>
    </ClCompile>
    <ClCompile Include="DepLibUV.cpp" />
    <ClCompile Include="main.cpp" />
    <ClCompile Include="Room.cpp" />
    <ClCompile Include="ClusterServer.cpp" />
    <ClCompile Include="WebSocketClient.cpp" />
    <ClCompile Include="WebSocketServer.cpp" />
    <ClCompile Include="Peer.cpp" />
    <ClCompile Include="Message.cpp" />
    <ClCompile Include="Loop.cpp" />
    <ClCompile Include="config.cpp" />
  </ItemGroup>
  <ItemGroup>
    <ClInclude Include="handles\SignalsHandler.hpp">
      <Filter>handles</Filter>
    </ClInclude>
    <ClInclude Include="DepLibUV.hpp" />
    <ClInclude Include="Room.hpp" />
    <ClInclude Include="ClusterServer.hpp" />
    <ClInclude Include="WebSocketClient.hpp" />
    <ClInclude Include="WebSocketServer.hpp" />
    <ClInclude Include="Peer.hpp" />
    <ClInclude Include="Message.hpp" />
    <ClInclude Include="Loop.hpp" />
    <ClInclude Include="config.hpp" />
  </ItemGroup>
  <ItemGroup>
    <Filter Include="handles">
      <UniqueIdentifier>{7a9d6e4f-1d51-4a52-b27b-de4792d6cce1}</UniqueIdentifier>
    </Filter>
  </ItemGroup>
  <ItemGroup>
    <None Include="packages.config" />
  </ItemGroup>
</Project>