<?xml version="1.0" encoding="utf-8"?>
<Project ToolsVersion="4.0" xmlns="http://schemas.microsoft.com/developer/msbuild/2003">
  <ItemGroup>
    <ClCompile Include="common.cpp" />
    <ClCompile Include="Logger.cpp" />
    <ClCompile Include="Loop.cpp" />
    <ClCompile Include="handles\SignalsHandler.cpp">
      <Filter>handles</Filter>
    </ClCompile>
    <ClCompile Include="Utils\File.cpp">
      <Filter>Utils</Filter>
    </ClCompile>
    <ClCompile Include="Utils\IP.cpp">
      <Filter>Utils</Filter>
    </ClCompile>
    <ClCompile Include="DepLibUV.cpp" />
    <ClCompile Include="Settings.cpp" />
    <ClCompile Include="handles\PipeStreamSocket.cpp">
      <Filter>handles</Filter>
    </ClCompile>
    <ClCompile Include="main.cpp" />
    <ClCompile Include="handles\Transport.cpp">
      <Filter>handles</Filter>
    </ClCompile>
    <ClCompile Include="protoo\Room.cpp">
      <Filter>protoo</Filter>
    </ClCompile>
    <ClCompile Include="protoo\Peer.cpp">
      <Filter>protoo</Filter>
    </ClCompile>
    <ClCompile Include="Room.cpp" />
    <ClCompile Include="protoo\Message.cpp">
      <Filter>protoo</Filter>
    </ClCompile>
    <ClCompile Include="protoo\Request.cpp">
      <Filter>protoo</Filter>
    </ClCompile>
    <ClCompile Include="ClusterServer.cpp" />
    <ClCompile Include="WebSocketClient.cpp" />
    <ClCompile Include="WebSocketServer.cpp" />
  </ItemGroup>
  <ItemGroup>
    <ClInclude Include="common.hpp" />
    <ClInclude Include="Logger.hpp" />
    <ClInclude Include="LogLevel.hpp" />
    <ClInclude Include="Loop.hpp" />
    <ClInclude Include="Utils.hpp" />
    <ClInclude Include="handles\SignalsHandler.hpp">
      <Filter>handles</Filter>
    </ClInclude>
    <ClInclude Include="DepLibUV.hpp" />
    <ClInclude Include="Settings.hpp" />
    <ClInclude Include="handles\PipeStreamSocket.hpp">
      <Filter>handles</Filter>
    </ClInclude>
    <ClInclude Include="..\..\Include\protocol.hpp">
      <Filter>Protocol</Filter>
    </ClInclude>
    <ClInclude Include="handles\Transport.hpp">
      <Filter>handles</Filter>
    </ClInclude>
    <ClInclude Include="protoo\Room.hpp">
      <Filter>protoo</Filter>
    </ClInclude>
    <ClInclude Include="protoo\Peer.hpp">
      <Filter>protoo</Filter>
    </ClInclude>
    <ClInclude Include="Room.hpp" />
    <ClInclude Include="protoo\Message.hpp">
      <Filter>protoo</Filter>
    </ClInclude>
    <ClInclude Include="RainStreamError.hpp" />
    <ClInclude Include="protoo\Request.hpp">
      <Filter>protoo</Filter>
    </ClInclude>
    <ClInclude Include="ClusterServer.hpp" />
    <ClInclude Include="WebSocketClient.hpp" />
    <ClInclude Include="WebSocketServer.hpp" />
  </ItemGroup>
  <ItemGroup>
    <Filter Include="handles">
      <UniqueIdentifier>{7a9d6e4f-1d51-4a52-b27b-de4792d6cce1}</UniqueIdentifier>
    </Filter>
    <Filter Include="Utils">
      <UniqueIdentifier>{62189913-8d87-43c5-a6a3-91a40fb3797d}</UniqueIdentifier>
    </Filter>
    <Filter Include="Protocol">
      <UniqueIdentifier>{ab9d778c-5878-4de5-ab3a-73134c536793}</UniqueIdentifier>
    </Filter>
    <Filter Include="protoo">
      <UniqueIdentifier>{4ad1bbeb-c5c2-4d18-83e6-a1efbd08d3bc}</UniqueIdentifier>
    </Filter>
  </ItemGroup>
</Project>