<?xml version="1.0" encoding="utf-8"?>
<Project ToolsVersion="4.0" xmlns="http://schemas.microsoft.com/developer/msbuild/2003">
  <ItemGroup>
    <Filter Include="资源文件">
      <UniqueIdentifier>{67DA6AB6-F800-4c08-8B7A-83BB121AAD01}</UniqueIdentifier>
      <Extensions>rc;ico;cur;bmp;dlg;rc2;rct;bin;rgs;gif;jpg;jpeg;jpe;resx;tiff;tif;png;wav;mfcribbon-ms</Extensions>
    </Filter>
    <Filter Include="child_process">
      <UniqueIdentifier>{27206aec-8d08-4d12-85af-2f5b9191a31b}</UniqueIdentifier>
    </Filter>
    <Filter Include="src">
      <UniqueIdentifier>{4FC737F1-C7A5-4376-A066-2A32D752A2FF}</UniqueIdentifier>
      <Extensions>h;hpp;cpp;c;cc;cxx;def;odl;idl;hpj;bat;asm;asmx</Extensions>
    </Filter>
    <Filter Include="webrtc">
      <UniqueIdentifier>{0a47babb-8595-409f-be0d-7dc94da5e809}</UniqueIdentifier>
    </Filter>
    <Filter Include="webrtc\api">
      <UniqueIdentifier>{ef62c9f9-8a05-4b32-9c07-2522a16e68f4}</UniqueIdentifier>
    </Filter>
    <Filter Include="webrtc\api\video_codecs">
      <UniqueIdentifier>{75bc162e-6fe0-4bb3-b1eb-ed1d0aac0cb5}</UniqueIdentifier>
    </Filter>
    <Filter Include="webrtc\media">
      <UniqueIdentifier>{40f190d2-1bcc-48fd-8679-f9d2a441db4c}</UniqueIdentifier>
    </Filter>
    <Filter Include="webrtc\media\base">
      <UniqueIdentifier>{b636a3d9-bf7a-444a-89ce-dc69999cf1dd}</UniqueIdentifier>
    </Filter>
    <Filter Include="webrtc\rtc_base">
      <UniqueIdentifier>{19963132-f663-4e1a-8523-f1bef022d759}</UniqueIdentifier>
    </Filter>
    <Filter Include="webrtc\rtc_base\system">
      <UniqueIdentifier>{39642019-2ffe-4f7f-8911-1521a995795a}</UniqueIdentifier>
    </Filter>
    <Filter Include="webrtc\rtc_base\numerics">
      <UniqueIdentifier>{bc8beb8f-39f6-43a6-9905-d87fb0e7094b}</UniqueIdentifier>
    </Filter>
    <Filter Include="Worker">
      <UniqueIdentifier>{49f221c3-201e-4876-98ba-a22802968cbf}</UniqueIdentifier>
    </Filter>
    <Filter Include="Channel">
      <UniqueIdentifier>{801b9115-5e22-4946-b8c0-ae095ddb17df}</UniqueIdentifier>
    </Filter>
    <Filter Include="PayloadChannel">
      <UniqueIdentifier>{05dca34c-e74b-4dcc-a09a-c0ab0834b378}</UniqueIdentifier>
    </Filter>
  </ItemGroup>
  <ItemGroup>
    <ClCompile Include="child_process\PipeStreamSocket.cpp">
      <Filter>child_process</Filter>
    </ClCompile>
    <ClCompile Include="child_process\Socket.cpp">
      <Filter>child_process</Filter>
    </ClCompile>
    <ClCompile Include="child_process\SubProcess.cpp">
      <Filter>child_process</Filter>
    </ClCompile>
    <ClCompile Include="Logger.cpp">
      <Filter>src</Filter>
    </ClCompile>
    <ClCompile Include="common.cpp">
      <Filter>src</Filter>
    </ClCompile>
    <ClCompile Include="Channel.cpp">
      <Filter>src</Filter>
    </ClCompile>
    <ClCompile Include="Worker.cpp">
      <Filter>src</Filter>
    </ClCompile>
    <ClCompile Include="ortc.cpp">
      <Filter>src</Filter>
    </ClCompile>
    <ClCompile Include="scalabilityModes.cpp">
      <Filter>src</Filter>
    </ClCompile>
    <ClCompile Include="Router.cpp">
      <Filter>src</Filter>
    </ClCompile>
    <ClCompile Include="PipeTransport.cpp">
      <Filter>src</Filter>
    </ClCompile>
    <ClCompile Include="PlainTransport.cpp">
      <Filter>src</Filter>
    </ClCompile>
    <ClCompile Include="WebRtcTransport.cpp">
      <Filter>src</Filter>
    </ClCompile>
    <ClCompile Include="Transport.cpp">
      <Filter>src</Filter>
    </ClCompile>
    <ClCompile Include="Consumer.cpp">
      <Filter>src</Filter>
    </ClCompile>
    <ClCompile Include="Producer.cpp">
      <Filter>src</Filter>
    </ClCompile>
    <ClCompile Include="supportedRtpCapabilities.cpp">
      <Filter>src</Filter>
    </ClCompile>
    <ClCompile Include="PayloadChannel.cpp">
      <Filter>src</Filter>
    </ClCompile>
    <ClCompile Include="EnhancedEventEmitter.cpp">
      <Filter>src</Filter>
    </ClCompile>
    <ClCompile Include="ActiveSpeakerObserver.cpp">
      <Filter>src</Filter>
    </ClCompile>
    <ClCompile Include="WebRtcServer.cpp">
      <Filter>src</Filter>
    </ClCompile>
    <ClCompile Include="Utils.cpp">
      <Filter>src</Filter>
    </ClCompile>
    <ClCompile Include="webrtc\api\video_codecs\h264_profile_level_id.cc">
      <Filter>webrtc\api\video_codecs</Filter>
    </ClCompile>
    <ClCompile Include="webrtc\api\video_codecs\sdp_video_format.cc">
      <Filter>webrtc\api\video_codecs</Filter>
    </ClCompile>
    <ClCompile Include="webrtc\media\base\sdp_video_format_utils.cc">
      <Filter>webrtc\media\base</Filter>
    </ClCompile>
    <ClCompile Include="webrtc\rtc_base\checks.cc">
      <Filter>webrtc\rtc_base</Filter>
    </ClCompile>
    <ClCompile Include="webrtc\rtc_base\string_to_number.cc">
      <Filter>webrtc\rtc_base</Filter>
    </ClCompile>
    <ClCompile Include="AudioLevelObserver.cpp">
      <Filter>src</Filter>
    </ClCompile>
    <ClCompile Include="RtpObserver.cpp">
      <Filter>src</Filter>
    </ClCompile>
    <ClCompile Include="DataProducer.cpp">
      <Filter>src</Filter>
    </ClCompile>
    <ClCompile Include="DataConsumer.cpp">
      <Filter>src</Filter>
    </ClCompile>
    <ClCompile Include="DirectTransport.cpp">
      <Filter>src</Filter>
    </ClCompile>
    <ClCompile Include="Channel\ChannelNative.cpp">
      <Filter>Channel</Filter>
    </ClCompile>
    <ClCompile Include="Channel\ChannelOrigin.cpp">
      <Filter>Channel</Filter>
    </ClCompile>
    <ClCompile Include="Worker\WorkerNative.cpp">
      <Filter>Worker</Filter>
    </ClCompile>
    <ClCompile Include="Worker\WorkerOrigin.cpp">
      <Filter>Worker</Filter>
    </ClCompile>
    <ClCompile Include="PayloadChannel\PayloadChannelNative.cpp">
      <Filter>PayloadChannel</Filter>
    </ClCompile>
    <ClCompile Include="PayloadChannel\PayloadChannelOrigin.cpp">
      <Filter>PayloadChannel</Filter>
    </ClCompile>
  </ItemGroup>
  <ItemGroup>
    <ClInclude Include="child_process\PipeStreamSocket.h">
      <Filter>child_process</Filter>
    </ClInclude>
    <ClInclude Include="child_process\Socket.h">
      <Filter>child_process</Filter>
    </ClInclude>
    <ClInclude Include="child_process\SubProcess.h">
      <Filter>child_process</Filter>
    </ClInclude>
    <ClInclude Include="webrtc\api\video_codecs\h264_profile_level_id.h">
      <Filter>webrtc\api\video_codecs</Filter>
    </ClInclude>
    <ClInclude Include="webrtc\api\video_codecs\sdp_video_format.h">
      <Filter>webrtc\api\video_codecs</Filter>
    </ClInclude>
    <ClInclude Include="webrtc\media\base\sdp_video_format_utils.h">
      <Filter>webrtc\media\base</Filter>
    </ClInclude>
    <ClInclude Include="webrtc\rtc_base\checks.h">
      <Filter>webrtc\rtc_base</Filter>
    </ClInclude>
    <ClInclude Include="webrtc\rtc_base\string_to_number.h">
      <Filter>webrtc\rtc_base</Filter>
    </ClInclude>
    <ClInclude Include="webrtc\rtc_base\system\inline.h">
      <Filter>webrtc\rtc_base\system</Filter>
    </ClInclude>
    <ClInclude Include="webrtc\rtc_base\system\rtc_export.h">
      <Filter>webrtc\rtc_base\system</Filter>
    </ClInclude>
    <ClInclude Include="webrtc\rtc_base\type_traits.h">
      <Filter>webrtc\rtc_base</Filter>
    </ClInclude>
    <ClInclude Include="webrtc\rtc_base\numerics\safe_compare.h">
      <Filter>webrtc\rtc_base\numerics</Filter>
    </ClInclude>
    <ClInclude Include="webrtc\rtc_base\arraysize.h">
      <Filter>webrtc\rtc_base</Filter>
    </ClInclude>
    <ClInclude Include="ActiveSpeakerObserver.h">
      <Filter>src</Filter>
    </ClInclude>
    <ClInclude Include="AudioLevelObserver.h">
      <Filter>src</Filter>
    </ClInclude>
    <ClInclude Include="Channel.h">
      <Filter>src</Filter>
    </ClInclude>
    <ClInclude Include="common.h">
      <Filter>src</Filter>
    </ClInclude>
    <ClInclude Include="Consumer.h">
      <Filter>src</Filter>
    </ClInclude>
    <ClInclude Include="DataConsumer.h">
      <Filter>src</Filter>
    </ClInclude>
    <ClInclude Include="DataProducer.h">
      <Filter>src</Filter>
    </ClInclude>
    <ClInclude Include="DirectTransport.h">
      <Filter>src</Filter>
    </ClInclude>
    <ClInclude Include="EnhancedEventEmitter.h">
      <Filter>src</Filter>
    </ClInclude>
    <ClInclude Include="errors.h">
      <Filter>src</Filter>
    </ClInclude>
    <ClInclude Include="Logger.h">
      <Filter>src</Filter>
    </ClInclude>
    <ClInclude Include="ortc.h">
      <Filter>src</Filter>
    </ClInclude>
    <ClInclude Include="PayloadChannel.h">
      <Filter>src</Filter>
    </ClInclude>
    <ClInclude Include="PipeTransport.h">
      <Filter>src</Filter>
    </ClInclude>
    <ClInclude Include="PlainTransport.h">
      <Filter>src</Filter>
    </ClInclude>
    <ClInclude Include="Producer.h">
      <Filter>src</Filter>
    </ClInclude>
    <ClInclude Include="Router.h">
      <Filter>src</Filter>
    </ClInclude>
    <ClInclude Include="RtpObserver.h">
      <Filter>src</Filter>
    </ClInclude>
    <ClInclude Include="RtpParameters.h">
      <Filter>src</Filter>
    </ClInclude>
    <ClInclude Include="scalabilityModes.h">
      <Filter>src</Filter>
    </ClInclude>
    <ClInclude Include="SctpParameters.h">
      <Filter>src</Filter>
    </ClInclude>
    <ClInclude Include="SrtpParameters.h">
      <Filter>src</Filter>
    </ClInclude>
    <ClInclude Include="supportedRtpCapabilities.h">
      <Filter>src</Filter>
    </ClInclude>
    <ClInclude Include="Transport.h">
      <Filter>src</Filter>
    </ClInclude>
    <ClInclude Include="Utils.h">
      <Filter>src</Filter>
    </ClInclude>
    <ClInclude Include="WebRtcServer.h">
      <Filter>src</Filter>
    </ClInclude>
    <ClInclude Include="WebRtcTransport.h">
      <Filter>src</Filter>
    </ClInclude>
    <ClInclude Include="Worker.h">
      <Filter>src</Filter>
    </ClInclude>
    <ClInclude Include="Channel\ChannelNative.h">
      <Filter>Channel</Filter>
    </ClInclude>
    <ClInclude Include="Channel\ChannelOrigin.h">
      <Filter>Channel</Filter>
    </ClInclude>
    <ClInclude Include="Worker\WorkerNative.h">
      <Filter>Worker</Filter>
    </ClInclude>
    <ClInclude Include="Worker\WorkerOrigin.h">
      <Filter>Worker</Filter>
    </ClInclude>
    <ClInclude Include="PayloadChannel\PayloadChannelNative.h">
      <Filter>PayloadChannel</Filter>
    </ClInclude>
    <ClInclude Include="PayloadChannel\PayloadChannelOrigin.h">
      <Filter>PayloadChannel</Filter>
    </ClInclude>
  </ItemGroup>
  <ItemGroup>
    <None Include="packages.config" />
  </ItemGroup>
</Project>